// !$*UTF8*$!
{
	archiveVersion = 1;
	classes = {
	};
	objectVersion = 56;
	objects = {

/* Begin PBXBuildFile section */
		09AA47432C641CF500737F26 /* SearchTVShowsWithCombineApp.swift in Sources */ = {isa = PBXBuildFile; fileRef = 09AA47422C641CF500737F26 /* SearchTVShowsWithCombineApp.swift */; };
		09AA47452C641CF500737F26 /* ContentView.swift in Sources */ = {isa = PBXBuildFile; fileRef = 09AA47442C641CF500737F26 /* ContentView.swift */; };
		09AA47472C641CFF00737F26 /* Assets.xcassets in Resources */ = {isa = PBXBuildFile; fileRef = 09AA47462C641CFF00737F26 /* Assets.xcassets */; };
		09AA474A2C641CFF00737F26 /* Preview Assets.xcassets in Resources */ = {isa = PBXBuildFile; fileRef = 09AA47492C641CFF00737F26 /* Preview Assets.xcassets */; };
		09AA47542C641D0000737F26 /* SearchTVShowsWithCombineTests.swift in Sources */ = {isa = PBXBuildFile; fileRef = 09AA47532C641D0000737F26 /* SearchTVShowsWithCombineTests.swift */; };
		09AA475E2C641D0000737F26 /* SearchTVShowsWithCombineUITests.swift in Sources */ = {isa = PBXBuildFile; fileRef = 09AA475D2C641D0000737F26 /* SearchTVShowsWithCombineUITests.swift */; };
		09AA47602C641D0000737F26 /* SearchTVShowsWithCombineUITestsLaunchTests.swift in Sources */ = {isa = PBXBuildFile; fileRef = 09AA475F2C641D0000737F26 /* SearchTVShowsWithCombineUITestsLaunchTests.swift */; };
		09AA476F2C64505000737F26 /* AppColors.swift in Sources */ = {isa = PBXBuildFile; fileRef = 09AA476E2C64505000737F26 /* AppColors.swift */; };
		09AA47752C653CBB00737F26 /* TVShowSearch.swift in Sources */ = {isa = PBXBuildFile; fileRef = 09AA47742C653CBB00737F26 /* TVShowSearch.swift */; };
		09AA47792C65CCB500737F26 /* TVShowServiceProtocol.swift in Sources */ = {isa = PBXBuildFile; fileRef = 09AA47782C65CCB500737F26 /* TVShowServiceProtocol.swift */; };
		09AA477B2C65CD3500737F26 /* TVShowServiceImpl.swift in Sources */ = {isa = PBXBuildFile; fileRef = 09AA477A2C65CD3500737F26 /* TVShowServiceImpl.swift */; };
		09AA477D2C65CF6600737F26 /* TVShowServiceKey.swift in Sources */ = {isa = PBXBuildFile; fileRef = 09AA477C2C65CF6600737F26 /* TVShowServiceKey.swift */; };
/* End PBXBuildFile section */

/* Begin PBXContainerItemProxy section */
		09AA47502C641D0000737F26 /* PBXContainerItemProxy */ = {
			isa = PBXContainerItemProxy;
			containerPortal = 09AA47372C641CF500737F26 /* Project object */;
			proxyType = 1;
			remoteGlobalIDString = 09AA473E2C641CF500737F26;
			remoteInfo = SearchTVShowsWithCombine;
		};
		09AA475A2C641D0000737F26 /* PBXContainerItemProxy */ = {
			isa = PBXContainerItemProxy;
			containerPortal = 09AA47372C641CF500737F26 /* Project object */;
			proxyType = 1;
			remoteGlobalIDString = 09AA473E2C641CF500737F26;
			remoteInfo = SearchTVShowsWithCombine;
		};
/* End PBXContainerItemProxy section */

/* Begin PBXFileReference section */
		09AA473F2C641CF500737F26 /* SearchTVShowsWithCombine.app */ = {isa = PBXFileReference; explicitFileType = wrapper.application; includeInIndex = 0; path = SearchTVShowsWithCombine.app; sourceTree = BUILT_PRODUCTS_DIR; };
		09AA47422C641CF500737F26 /* SearchTVShowsWithCombineApp.swift */ = {isa = PBXFileReference; lastKnownFileType = sourcecode.swift; path = SearchTVShowsWithCombineApp.swift; sourceTree = "<group>"; };
		09AA47442C641CF500737F26 /* ContentView.swift */ = {isa = PBXFileReference; lastKnownFileType = sourcecode.swift; path = ContentView.swift; sourceTree = "<group>"; };
		09AA47462C641CFF00737F26 /* Assets.xcassets */ = {isa = PBXFileReference; lastKnownFileType = folder.assetcatalog; path = Assets.xcassets; sourceTree = "<group>"; };
		09AA47492C641CFF00737F26 /* Preview Assets.xcassets */ = {isa = PBXFileReference; lastKnownFileType = folder.assetcatalog; path = "Preview Assets.xcassets"; sourceTree = "<group>"; };
		09AA474F2C641D0000737F26 /* SearchTVShowsWithCombineTests.xctest */ = {isa = PBXFileReference; explicitFileType = wrapper.cfbundle; includeInIndex = 0; path = SearchTVShowsWithCombineTests.xctest; sourceTree = BUILT_PRODUCTS_DIR; };
		09AA47532C641D0000737F26 /* SearchTVShowsWithCombineTests.swift */ = {isa = PBXFileReference; lastKnownFileType = sourcecode.swift; path = SearchTVShowsWithCombineTests.swift; sourceTree = "<group>"; };
		09AA47592C641D0000737F26 /* SearchTVShowsWithCombineUITests.xctest */ = {isa = PBXFileReference; explicitFileType = wrapper.cfbundle; includeInIndex = 0; path = SearchTVShowsWithCombineUITests.xctest; sourceTree = BUILT_PRODUCTS_DIR; };
		09AA475D2C641D0000737F26 /* SearchTVShowsWithCombineUITests.swift */ = {isa = PBXFileReference; lastKnownFileType = sourcecode.swift; path = SearchTVShowsWithCombineUITests.swift; sourceTree = "<group>"; };
		09AA475F2C641D0000737F26 /* SearchTVShowsWithCombineUITestsLaunchTests.swift */ = {isa = PBXFileReference; lastKnownFileType = sourcecode.swift; path = SearchTVShowsWithCombineUITestsLaunchTests.swift; sourceTree = "<group>"; };
		09AA476E2C64505000737F26 /* AppColors.swift */ = {isa = PBXFileReference; lastKnownFileType = sourcecode.swift; path = AppColors.swift; sourceTree = "<group>"; };
		09AA47742C653CBB00737F26 /* TVShowSearch.swift */ = {isa = PBXFileReference; lastKnownFileType = sourcecode.swift; path = TVShowSearch.swift; sourceTree = "<group>"; };
		09AA47782C65CCB500737F26 /* TVShowServiceProtocol.swift */ = {isa = PBXFileReference; lastKnownFileType = sourcecode.swift; path = TVShowServiceProtocol.swift; sourceTree = "<group>"; };
		09AA477A2C65CD3500737F26 /* TVShowServiceImpl.swift */ = {isa = PBXFileReference; lastKnownFileType = sourcecode.swift; path = TVShowServiceImpl.swift; sourceTree = "<group>"; };
		09AA477C2C65CF6600737F26 /* TVShowServiceKey.swift */ = {isa = PBXFileReference; lastKnownFileType = sourcecode.swift; path = TVShowServiceKey.swift; sourceTree = "<group>"; };
/* End PBXFileReference section */

/* Begin PBXFrameworksBuildPhase section */
		09AA473C2C641CF500737F26 /* Frameworks */ = {
			isa = PBXFrameworksBuildPhase;
			buildActionMask = 2147483647;
			files = (
			);
			runOnlyForDeploymentPostprocessing = 0;
		};
		09AA474C2C641D0000737F26 /* Frameworks */ = {
			isa = PBXFrameworksBuildPhase;
			buildActionMask = 2147483647;
			files = (
			);
			runOnlyForDeploymentPostprocessing = 0;
		};
		09AA47562C641D0000737F26 /* Frameworks */ = {
			isa = PBXFrameworksBuildPhase;
			buildActionMask = 2147483647;
			files = (
			);
			runOnlyForDeploymentPostprocessing = 0;
		};
/* End PBXFrameworksBuildPhase section */

/* Begin PBXGroup section */
		09AA47362C641CF500737F26 = {
			isa = PBXGroup;
			children = (
				09AA47412C641CF500737F26 /* SearchTVShowsWithCombine */,
				09AA47522C641D0000737F26 /* SearchTVShowsWithCombineTests */,
				09AA475C2C641D0000737F26 /* SearchTVShowsWithCombineUITests */,
				09AA47402C641CF500737F26 /* Products */,
			);
			sourceTree = "<group>";
		};
		09AA47402C641CF500737F26 /* Products */ = {
			isa = PBXGroup;
			children = (
				09AA473F2C641CF500737F26 /* SearchTVShowsWithCombine.app */,
				09AA474F2C641D0000737F26 /* SearchTVShowsWithCombineTests.xctest */,
				09AA47592C641D0000737F26 /* SearchTVShowsWithCombineUITests.xctest */,
			);
			name = Products;
			sourceTree = "<group>";
		};
		09AA47412C641CF500737F26 /* SearchTVShowsWithCombine */ = {
			isa = PBXGroup;
			children = (
				09AA47772C65CC4500737F26 /* NetworkingService */,
				09AA47762C653F4600737F26 /* Protocols */,
				09AA47702C645AB300737F26 /* Models */,
				09AA476D2C64503300737F26 /* Utilities */,
				09AA476C2C644F6900737F26 /* Views */,
				09AA47422C641CF500737F26 /* SearchTVShowsWithCombineApp.swift */,
				09AA47462C641CFF00737F26 /* Assets.xcassets */,
				09AA47482C641CFF00737F26 /* Preview Content */,
			);
			path = SearchTVShowsWithCombine;
			sourceTree = "<group>";
		};
		09AA47482C641CFF00737F26 /* Preview Content */ = {
			isa = PBXGroup;
			children = (
				09AA47492C641CFF00737F26 /* Preview Assets.xcassets */,
			);
			path = "Preview Content";
			sourceTree = "<group>";
		};
		09AA47522C641D0000737F26 /* SearchTVShowsWithCombineTests */ = {
			isa = PBXGroup;
			children = (
				09AA47532C641D0000737F26 /* SearchTVShowsWithCombineTests.swift */,
			);
			path = SearchTVShowsWithCombineTests;
			sourceTree = "<group>";
		};
		09AA475C2C641D0000737F26 /* SearchTVShowsWithCombineUITests */ = {
			isa = PBXGroup;
			children = (
				09AA475D2C641D0000737F26 /* SearchTVShowsWithCombineUITests.swift */,
				09AA475F2C641D0000737F26 /* SearchTVShowsWithCombineUITestsLaunchTests.swift */,
			);
			path = SearchTVShowsWithCombineUITests;
			sourceTree = "<group>";
		};
		09AA476C2C644F6900737F26 /* Views */ = {
			isa = PBXGroup;
			children = (
				09AA47442C641CF500737F26 /* ContentView.swift */,
			);
			path = Views;
			sourceTree = "<group>";
		};
		09AA476D2C64503300737F26 /* Utilities */ = {
			isa = PBXGroup;
			children = (
				09AA476E2C64505000737F26 /* AppColors.swift */,
			);
			path = Utilities;
			sourceTree = "<group>";
		};
		09AA47702C645AB300737F26 /* Models */ = {
			isa = PBXGroup;
			children = (
				09AA47742C653CBB00737F26 /* TVShowSearch.swift */,
			);
			path = Models;
			sourceTree = "<group>";
		};
		09AA47762C653F4600737F26 /* Protocols */ = {
			isa = PBXGroup;
			children = (
				09AA47782C65CCB500737F26 /* TVShowServiceProtocol.swift */,
			);
			path = Protocols;
			sourceTree = "<group>";
		};
		09AA47772C65CC4500737F26 /* NetworkingService */ = {
			isa = PBXGroup;
			children = (
				09AA477A2C65CD3500737F26 /* TVShowServiceImpl.swift */,
				09AA477C2C65CF6600737F26 /* TVShowServiceKey.swift */,
			);
			path = NetworkingService;
			sourceTree = "<group>";
		};
/* End PBXGroup section */

/* Begin PBXNativeTarget section */
		09AA473E2C641CF500737F26 /* SearchTVShowsWithCombine */ = {
			isa = PBXNativeTarget;
			buildConfigurationList = 09AA47632C641D0000737F26 /* Build configuration list for PBXNativeTarget "SearchTVShowsWithCombine" */;
			buildPhases = (
				09AA473B2C641CF500737F26 /* Sources */,
				09AA473C2C641CF500737F26 /* Frameworks */,
				09AA473D2C641CF500737F26 /* Resources */,
			);
			buildRules = (
			);
			dependencies = (
			);
			name = SearchTVShowsWithCombine;
			productName = SearchTVShowsWithCombine;
			productReference = 09AA473F2C641CF500737F26 /* SearchTVShowsWithCombine.app */;
			productType = "com.apple.product-type.application";
		};
		09AA474E2C641D0000737F26 /* SearchTVShowsWithCombineTests */ = {
			isa = PBXNativeTarget;
			buildConfigurationList = 09AA47662C641D0000737F26 /* Build configuration list for PBXNativeTarget "SearchTVShowsWithCombineTests" */;
			buildPhases = (
				09AA474B2C641D0000737F26 /* Sources */,
				09AA474C2C641D0000737F26 /* Frameworks */,
				09AA474D2C641D0000737F26 /* Resources */,
			);
			buildRules = (
			);
			dependencies = (
				09AA47512C641D0000737F26 /* PBXTargetDependency */,
			);
			name = SearchTVShowsWithCombineTests;
			productName = SearchTVShowsWithCombineTests;
			productReference = 09AA474F2C641D0000737F26 /* SearchTVShowsWithCombineTests.xctest */;
			productType = "com.apple.product-type.bundle.unit-test";
		};
		09AA47582C641D0000737F26 /* SearchTVShowsWithCombineUITests */ = {
			isa = PBXNativeTarget;
			buildConfigurationList = 09AA47692C641D0000737F26 /* Build configuration list for PBXNativeTarget "SearchTVShowsWithCombineUITests" */;
			buildPhases = (
				09AA47552C641D0000737F26 /* Sources */,
				09AA47562C641D0000737F26 /* Frameworks */,
				09AA47572C641D0000737F26 /* Resources */,
			);
			buildRules = (
			);
			dependencies = (
				09AA475B2C641D0000737F26 /* PBXTargetDependency */,
			);
			name = SearchTVShowsWithCombineUITests;
			productName = SearchTVShowsWithCombineUITests;
			productReference = 09AA47592C641D0000737F26 /* SearchTVShowsWithCombineUITests.xctest */;
			productType = "com.apple.product-type.bundle.ui-testing";
		};
/* End PBXNativeTarget section */

/* Begin PBXProject section */
		09AA47372C641CF500737F26 /* Project object */ = {
			isa = PBXProject;
			attributes = {
				BuildIndependentTargetsInParallel = 1;
				LastSwiftUpdateCheck = 1540;
				LastUpgradeCheck = 1540;
				TargetAttributes = {
					09AA473E2C641CF500737F26 = {
						CreatedOnToolsVersion = 15.4;
					};
					09AA474E2C641D0000737F26 = {
						CreatedOnToolsVersion = 15.4;
						TestTargetID = 09AA473E2C641CF500737F26;
					};
					09AA47582C641D0000737F26 = {
						CreatedOnToolsVersion = 15.4;
						TestTargetID = 09AA473E2C641CF500737F26;
					};
				};
			};
			buildConfigurationList = 09AA473A2C641CF500737F26 /* Build configuration list for PBXProject "SearchTVShowsWithCombine" */;
			compatibilityVersion = "Xcode 14.0";
			developmentRegion = en;
			hasScannedForEncodings = 0;
			knownRegions = (
				en,
				Base,
			);
			mainGroup = 09AA47362C641CF500737F26;
			productRefGroup = 09AA47402C641CF500737F26 /* Products */;
			projectDirPath = "";
			projectRoot = "";
			targets = (
				09AA473E2C641CF500737F26 /* SearchTVShowsWithCombine */,
				09AA474E2C641D0000737F26 /* SearchTVShowsWithCombineTests */,
				09AA47582C641D0000737F26 /* SearchTVShowsWithCombineUITests */,
			);
		};
/* End PBXProject section */

/* Begin PBXResourcesBuildPhase section */
		09AA473D2C641CF500737F26 /* Resources */ = {
			isa = PBXResourcesBuildPhase;
			buildActionMask = 2147483647;
			files = (
				09AA474A2C641CFF00737F26 /* Preview Assets.xcassets in Resources */,
				09AA47472C641CFF00737F26 /* Assets.xcassets in Resources */,
			);
			runOnlyForDeploymentPostprocessing = 0;
		};
		09AA474D2C641D0000737F26 /* Resources */ = {
			isa = PBXResourcesBuildPhase;
			buildActionMask = 2147483647;
			files = (
			);
			runOnlyForDeploymentPostprocessing = 0;
		};
		09AA47572C641D0000737F26 /* Resources */ = {
			isa = PBXResourcesBuildPhase;
			buildActionMask = 2147483647;
			files = (
			);
			runOnlyForDeploymentPostprocessing = 0;
		};
/* End PBXResourcesBuildPhase section */

/* Begin PBXSourcesBuildPhase section */
		09AA473B2C641CF500737F26 /* Sources */ = {
			isa = PBXSourcesBuildPhase;
			buildActionMask = 2147483647;
			files = (
				09AA477B2C65CD3500737F26 /* TVShowServiceImpl.swift in Sources */,
				09AA477D2C65CF6600737F26 /* TVShowServiceKey.swift in Sources */,
				09AA476F2C64505000737F26 /* AppColors.swift in Sources */,
				09AA47452C641CF500737F26 /* ContentView.swift in Sources */,
				09AA47792C65CCB500737F26 /* TVShowServiceProtocol.swift in Sources */,
				09AA47752C653CBB00737F26 /* TVShowSearch.swift in Sources */,
				09AA47432C641CF500737F26 /* SearchTVShowsWithCombineApp.swift in Sources */,
			);
			runOnlyForDeploymentPostprocessing = 0;
		};
		09AA474B2C641D0000737F26 /* Sources */ = {
			isa = PBXSourcesBuildPhase;
			buildActionMask = 2147483647;
			files = (
				09AA47542C641D0000737F26 /* SearchTVShowsWithCombineTests.swift in Sources */,
			);
			runOnlyForDeploymentPostprocessing = 0;
		};
		09AA47552C641D0000737F26 /* Sources */ = {
			isa = PBXSourcesBuildPhase;
			buildActionMask = 2147483647;
			files = (
				09AA475E2C641D0000737F26 /* SearchTVShowsWithCombineUITests.swift in Sources */,
				09AA47602C641D0000737F26 /* SearchTVShowsWithCombineUITestsLaunchTests.swift in Sources */,
			);
			runOnlyForDeploymentPostprocessing = 0;
		};
/* End PBXSourcesBuildPhase section */

/* Begin PBXTargetDependency section */
		09AA47512C641D0000737F26 /* PBXTargetDependency */ = {
			isa = PBXTargetDependency;
			target = 09AA473E2C641CF500737F26 /* SearchTVShowsWithCombine */;
			targetProxy = 09AA47502C641D0000737F26 /* PBXContainerItemProxy */;
		};
		09AA475B2C641D0000737F26 /* PBXTargetDependency */ = {
			isa = PBXTargetDependency;
			target = 09AA473E2C641CF500737F26 /* SearchTVShowsWithCombine */;
			targetProxy = 09AA475A2C641D0000737F26 /* PBXContainerItemProxy */;
		};
/* End PBXTargetDependency section */

/* Begin XCBuildConfiguration section */
		09AA47612C641D0000737F26 /* Debug */ = {
			isa = XCBuildConfiguration;
			buildSettings = {
				ALWAYS_SEARCH_USER_PATHS = NO;
				ASSETCATALOG_COMPILER_GENERATE_SWIFT_ASSET_SYMBOL_EXTENSIONS = YES;
				CLANG_ANALYZER_NONNULL = YES;
				CLANG_ANALYZER_NUMBER_OBJECT_CONVERSION = YES_AGGRESSIVE;
				CLANG_CXX_LANGUAGE_STANDARD = "gnu++20";
				CLANG_ENABLE_MODULES = YES;
				CLANG_ENABLE_OBJC_ARC = YES;
				CLANG_ENABLE_OBJC_WEAK = YES;
				CLANG_WARN_BLOCK_CAPTURE_AUTORELEASING = YES;
				CLANG_WARN_BOOL_CONVERSION = YES;
				CLANG_WARN_COMMA = YES;
				CLANG_WARN_CONSTANT_CONVERSION = YES;
				CLANG_WARN_DEPRECATED_OBJC_IMPLEMENTATIONS = YES;
				CLANG_WARN_DIRECT_OBJC_ISA_USAGE = YES_ERROR;
				CLANG_WARN_DOCUMENTATION_COMMENTS = YES;
				CLANG_WARN_EMPTY_BODY = YES;
				CLANG_WARN_ENUM_CONVERSION = YES;
				CLANG_WARN_INFINITE_RECURSION = YES;
				CLANG_WARN_INT_CONVERSION = YES;
				CLANG_WARN_NON_LITERAL_NULL_CONVERSION = YES;
				CLANG_WARN_OBJC_IMPLICIT_RETAIN_SELF = YES;
				CLANG_WARN_OBJC_LITERAL_CONVERSION = YES;
				CLANG_WARN_OBJC_ROOT_CLASS = YES_ERROR;
				CLANG_WARN_QUOTED_INCLUDE_IN_FRAMEWORK_HEADER = YES;
				CLANG_WARN_RANGE_LOOP_ANALYSIS = YES;
				CLANG_WARN_STRICT_PROTOTYPES = YES;
				CLANG_WARN_SUSPICIOUS_MOVE = YES;
				CLANG_WARN_UNGUARDED_AVAILABILITY = YES_AGGRESSIVE;
				CLANG_WARN_UNREACHABLE_CODE = YES;
				CLANG_WARN__DUPLICATE_METHOD_MATCH = YES;
				COPY_PHASE_STRIP = NO;
				DEBUG_INFORMATION_FORMAT = dwarf;
				ENABLE_STRICT_OBJC_MSGSEND = YES;
				ENABLE_TESTABILITY = YES;
				ENABLE_USER_SCRIPT_SANDBOXING = YES;
				GCC_C_LANGUAGE_STANDARD = gnu17;
				GCC_DYNAMIC_NO_PIC = NO;
				GCC_NO_COMMON_BLOCKS = YES;
				GCC_OPTIMIZATION_LEVEL = 0;
				GCC_PREPROCESSOR_DEFINITIONS = (
					"DEBUG=1",
					"$(inherited)",
				);
				GCC_WARN_64_TO_32_BIT_CONVERSION = YES;
				GCC_WARN_ABOUT_RETURN_TYPE = YES_ERROR;
				GCC_WARN_UNDECLARED_SELECTOR = YES;
				GCC_WARN_UNINITIALIZED_AUTOS = YES_AGGRESSIVE;
				GCC_WARN_UNUSED_FUNCTION = YES;
				GCC_WARN_UNUSED_VARIABLE = YES;
				IPHONEOS_DEPLOYMENT_TARGET = 17.5;
				LOCALIZATION_PREFERS_STRING_CATALOGS = YES;
				MTL_ENABLE_DEBUG_INFO = INCLUDE_SOURCE;
				MTL_FAST_MATH = YES;
				ONLY_ACTIVE_ARCH = YES;
				SDKROOT = iphoneos;
				SWIFT_ACTIVE_COMPILATION_CONDITIONS = "DEBUG $(inherited)";
				SWIFT_OPTIMIZATION_LEVEL = "-Onone";
			};
			name = Debug;
		};
		09AA47622C641D0000737F26 /* Release */ = {
			isa = XCBuildConfiguration;
			buildSettings = {
				ALWAYS_SEARCH_USER_PATHS = NO;
				ASSETCATALOG_COMPILER_GENERATE_SWIFT_ASSET_SYMBOL_EXTENSIONS = YES;
				CLANG_ANALYZER_NONNULL = YES;
				CLANG_ANALYZER_NUMBER_OBJECT_CONVERSION = YES_AGGRESSIVE;
				CLANG_CXX_LANGUAGE_STANDARD = "gnu++20";
				CLANG_ENABLE_MODULES = YES;
				CLANG_ENABLE_OBJC_ARC = YES;
				CLANG_ENABLE_OBJC_WEAK = YES;
				CLANG_WARN_BLOCK_CAPTURE_AUTORELEASING = YES;
				CLANG_WARN_BOOL_CONVERSION = YES;
				CLANG_WARN_COMMA = YES;
				CLANG_WARN_CONSTANT_CONVERSION = YES;
				CLANG_WARN_DEPRECATED_OBJC_IMPLEMENTATIONS = YES;
				CLANG_WARN_DIRECT_OBJC_ISA_USAGE = YES_ERROR;
				CLANG_WARN_DOCUMENTATION_COMMENTS = YES;
				CLANG_WARN_EMPTY_BODY = YES;
				CLANG_WARN_ENUM_CONVERSION = YES;
				CLANG_WARN_INFINITE_RECURSION = YES;
				CLANG_WARN_INT_CONVERSION = YES;
				CLANG_WARN_NON_LITERAL_NULL_CONVERSION = YES;
				CLANG_WARN_OBJC_IMPLICIT_RETAIN_SELF = YES;
				CLANG_WARN_OBJC_LITERAL_CONVERSION = YES;
				CLANG_WARN_OBJC_ROOT_CLASS = YES_ERROR;
				CLANG_WARN_QUOTED_INCLUDE_IN_FRAMEWORK_HEADER = YES;
				CLANG_WARN_RANGE_LOOP_ANALYSIS = YES;
				CLANG_WARN_STRICT_PROTOTYPES = YES;
				CLANG_WARN_SUSPICIOUS_MOVE = YES;
				CLANG_WARN_UNGUARDED_AVAILABILITY = YES_AGGRESSIVE;
				CLANG_WARN_UNREACHABLE_CODE = YES;
				CLANG_WARN__DUPLICATE_METHOD_MATCH = YES;
				COPY_PHASE_STRIP = NO;
				DEBUG_INFORMATION_FORMAT = "dwarf-with-dsym";
				ENABLE_NS_ASSERTIONS = NO;
				ENABLE_STRICT_OBJC_MSGSEND = YES;
				ENABLE_USER_SCRIPT_SANDBOXING = YES;
				GCC_C_LANGUAGE_STANDARD = gnu17;
				GCC_NO_COMMON_BLOCKS = YES;
				GCC_WARN_64_TO_32_BIT_CONVERSION = YES;
				GCC_WARN_ABOUT_RETURN_TYPE = YES_ERROR;
				GCC_WARN_UNDECLARED_SELECTOR = YES;
				GCC_WARN_UNINITIALIZED_AUTOS = YES_AGGRESSIVE;
				GCC_WARN_UNUSED_FUNCTION = YES;
				GCC_WARN_UNUSED_VARIABLE = YES;
				IPHONEOS_DEPLOYMENT_TARGET = 17.5;
				LOCALIZATION_PREFERS_STRING_CATALOGS = YES;
				MTL_ENABLE_DEBUG_INFO = NO;
				MTL_FAST_MATH = YES;
				SDKROOT = iphoneos;
				SWIFT_COMPILATION_MODE = wholemodule;
				VALIDATE_PRODUCT = YES;
			};
			name = Release;
		};
		09AA47642C641D0000737F26 /* Debug */ = {
			isa = XCBuildConfiguration;
			buildSettings = {
				ASSETCATALOG_COMPILER_APPICON_NAME = AppIcon;
				ASSETCATALOG_COMPILER_GLOBAL_ACCENT_COLOR_NAME = AccentColor;
				CODE_SIGN_STYLE = Automatic;
				CURRENT_PROJECT_VERSION = 1;
				DEVELOPMENT_ASSET_PATHS = "\"SearchTVShowsWithCombine/Preview Content\"";
				DEVELOPMENT_TEAM = VS54H3MNP6;
				ENABLE_PREVIEWS = YES;
				GENERATE_INFOPLIST_FILE = YES;
				INFOPLIST_KEY_UIApplicationSceneManifest_Generation = YES;
				INFOPLIST_KEY_UIApplicationSupportsIndirectInputEvents = YES;
				INFOPLIST_KEY_UILaunchScreen_Generation = YES;
				INFOPLIST_KEY_UISupportedInterfaceOrientations_iPad = "UIInterfaceOrientationPortrait UIInterfaceOrientationPortraitUpsideDown UIInterfaceOrientationLandscapeLeft UIInterfaceOrientationLandscapeRight";
				INFOPLIST_KEY_UISupportedInterfaceOrientations_iPhone = "UIInterfaceOrientationPortrait UIInterfaceOrientationLandscapeLeft UIInterfaceOrientationLandscapeRight";
				LD_RUNPATH_SEARCH_PATHS = (
					"$(inherited)",
					"@executable_path/Frameworks",
				);
				MARKETING_VERSION = 1.0;
				PRODUCT_BUNDLE_IDENTIFIER = pragmaticprogramming.SearchTVShowsWithCombine;
				PRODUCT_NAME = "$(TARGET_NAME)";
				SWIFT_EMIT_LOC_STRINGS = YES;
				SWIFT_VERSION = 5.0;
				TARGETED_DEVICE_FAMILY = "1,2";
			};
			name = Debug;
		};
		09AA47652C641D0000737F26 /* Release */ = {
			isa = XCBuildConfiguration;
			buildSettings = {
				ASSETCATALOG_COMPILER_APPICON_NAME = AppIcon;
				ASSETCATALOG_COMPILER_GLOBAL_ACCENT_COLOR_NAME = AccentColor;
				CODE_SIGN_STYLE = Automatic;
				CURRENT_PROJECT_VERSION = 1;
				DEVELOPMENT_ASSET_PATHS = "\"SearchTVShowsWithCombine/Preview Content\"";
				DEVELOPMENT_TEAM = VS54H3MNP6;
				ENABLE_PREVIEWS = YES;
				GENERATE_INFOPLIST_FILE = YES;
				INFOPLIST_KEY_UIApplicationSceneManifest_Generation = YES;
				INFOPLIST_KEY_UIApplicationSupportsIndirectInputEvents = YES;
				INFOPLIST_KEY_UILaunchScreen_Generation = YES;
				INFOPLIST_KEY_UISupportedInterfaceOrientations_iPad = "UIInterfaceOrientationPortrait UIInterfaceOrientationPortraitUpsideDown UIInterfaceOrientationLandscapeLeft UIInterfaceOrientationLandscapeRight";
				INFOPLIST_KEY_UISupportedInterfaceOrientations_iPhone = "UIInterfaceOrientationPortrait UIInterfaceOrientationLandscapeLeft UIInterfaceOrientationLandscapeRight";
				LD_RUNPATH_SEARCH_PATHS = (
					"$(inherited)",
					"@executable_path/Frameworks",
				);
				MARKETING_VERSION = 1.0;
				PRODUCT_BUNDLE_IDENTIFIER = pragmaticprogramming.SearchTVShowsWithCombine;
				PRODUCT_NAME = "$(TARGET_NAME)";
				SWIFT_EMIT_LOC_STRINGS = YES;
				SWIFT_VERSION = 5.0;
				TARGETED_DEVICE_FAMILY = "1,2";
			};
			name = Release;
		};
		09AA47672C641D0000737F26 /* Debug */ = {
			isa = XCBuildConfiguration;
			buildSettings = {
				ALWAYS_EMBED_SWIFT_STANDARD_LIBRARIES = YES;
				BUNDLE_LOADER = "$(TEST_HOST)";
				CODE_SIGN_STYLE = Automatic;
				CURRENT_PROJECT_VERSION = 1;
				DEVELOPMENT_TEAM = VS54H3MNP6;
				GENERATE_INFOPLIST_FILE = YES;
				IPHONEOS_DEPLOYMENT_TARGET = 17.5;
				MARKETING_VERSION = 1.0;
				PRODUCT_BUNDLE_IDENTIFIER = pragmaticprogramming.SearchTVShowsWithCombineTests;
				PRODUCT_NAME = "$(TARGET_NAME)";
				SWIFT_EMIT_LOC_STRINGS = NO;
				SWIFT_VERSION = 5.0;
				TARGETED_DEVICE_FAMILY = "1,2";
				TEST_HOST = "$(BUILT_PRODUCTS_DIR)/SearchTVShowsWithCombine.app/$(BUNDLE_EXECUTABLE_FOLDER_PATH)/SearchTVShowsWithCombine";
			};
			name = Debug;
		};
		09AA47682C641D0000737F26 /* Release */ = {
			isa = XCBuildConfiguration;
			buildSettings = {
				ALWAYS_EMBED_SWIFT_STANDARD_LIBRARIES = YES;
				BUNDLE_LOADER = "$(TEST_HOST)";
				CODE_SIGN_STYLE = Automatic;
				CURRENT_PROJECT_VERSION = 1;
				DEVELOPMENT_TEAM = VS54H3MNP6;
				GENERATE_INFOPLIST_FILE = YES;
				IPHONEOS_DEPLOYMENT_TARGET = 17.5;
				MARKETING_VERSION = 1.0;
				PRODUCT_BUNDLE_IDENTIFIER = pragmaticprogramming.SearchTVShowsWithCombineTests;
				PRODUCT_NAME = "$(TARGET_NAME)";
				SWIFT_EMIT_LOC_STRINGS = NO;
				SWIFT_VERSION = 5.0;
				TARGETED_DEVICE_FAMILY = "1,2";
				TEST_HOST = "$(BUILT_PRODUCTS_DIR)/SearchTVShowsWithCombine.app/$(BUNDLE_EXECUTABLE_FOLDER_PATH)/SearchTVShowsWithCombine";
			};
			name = Release;
		};
		09AA476A2C641D0000737F26 /* Debug */ = {
			isa = XCBuildConfiguration;
			buildSettings = {
				ALWAYS_EMBED_SWIFT_STANDARD_LIBRARIES = YES;
				CODE_SIGN_STYLE = Automatic;
				CURRENT_PROJECT_VERSION = 1;
				DEVELOPMENT_TEAM = VS54H3MNP6;
				GENERATE_INFOPLIST_FILE = YES;
				MARKETING_VERSION = 1.0;
				PRODUCT_BUNDLE_IDENTIFIER = pragmaticprogramming.SearchTVShowsWithCombineUITests;
				PRODUCT_NAME = "$(TARGET_NAME)";
				SWIFT_EMIT_LOC_STRINGS = NO;
				SWIFT_VERSION = 5.0;
				TARGETED_DEVICE_FAMILY = "1,2";
				TEST_TARGET_NAME = SearchTVShowsWithCombine;
			};
			name = Debug;
		};
		09AA476B2C641D0000737F26 /* Release */ = {
			isa = XCBuildConfiguration;
			buildSettings = {
				ALWAYS_EMBED_SWIFT_STANDARD_LIBRARIES = YES;
				CODE_SIGN_STYLE = Automatic;
				CURRENT_PROJECT_VERSION = 1;
				DEVELOPMENT_TEAM = VS54H3MNP6;
				GENERATE_INFOPLIST_FILE = YES;
				MARKETING_VERSION = 1.0;
				PRODUCT_BUNDLE_IDENTIFIER = pragmaticprogramming.SearchTVShowsWithCombineUITests;
				PRODUCT_NAME = "$(TARGET_NAME)";
				SWIFT_EMIT_LOC_STRINGS = NO;
				SWIFT_VERSION = 5.0;
				TARGETED_DEVICE_FAMILY = "1,2";
				TEST_TARGET_NAME = SearchTVShowsWithCombine;
			};
			name = Release;
		};
/* End XCBuildConfiguration section */

/* Begin XCConfigurationList section */
		09AA473A2C641CF500737F26 /* Build configuration list for PBXProject "SearchTVShowsWithCombine" */ = {
			isa = XCConfigurationList;
			buildConfigurations = (
				09AA47612C641D0000737F26 /* Debug */,
				09AA47622C641D0000737F26 /* Release */,
			);
			defaultConfigurationIsVisible = 0;
			defaultConfigurationName = Release;
		};
		09AA47632C641D0000737F26 /* Build configuration list for PBXNativeTarget "SearchTVShowsWithCombine" */ = {
			isa = XCConfigurationList;
			buildConfigurations = (
				09AA47642C641D0000737F26 /* Debug */,
				09AA47652C641D0000737F26 /* Release */,
			);
			defaultConfigurationIsVisible = 0;
			defaultConfigurationName = Release;
		};
		09AA47662C641D0000737F26 /* Build configuration list for PBXNativeTarget "SearchTVShowsWithCombineTests" */ = {
			isa = XCConfigurationList;
			buildConfigurations = (
				09AA47672C641D0000737F26 /* Debug */,
				09AA47682C641D0000737F26 /* Release */,
			);
			defaultConfigurationIsVisible = 0;
			defaultConfigurationName = Release;
		};
		09AA47692C641D0000737F26 /* Build configuration list for PBXNativeTarget "SearchTVShowsWithCombineUITests" */ = {
			isa = XCConfigurationList;
			buildConfigurations = (
				09AA476A2C641D0000737F26 /* Debug */,
				09AA476B2C641D0000737F26 /* Release */,
			);
			defaultConfigurationIsVisible = 0;
			defaultConfigurationName = Release;
		};
/* End XCConfigurationList section */
	};
	rootObject = 09AA47372C641CF500737F26 /* Project object */;
}
